
Microsoft Visual Studio Solution File, Format Version 12.00
# Visual Studio Version 16
VisualStudioVersion = 16.0.31019.35
MinimumVisualStudioVersion = 10.0.40219.1
Project("{FAE04EC0-301F-11D3-BF4B-00C04F79EFBC}") = "BSW-ExchangeService", "BSW-ExchangeService\BSW-ExchangeService.csproj", "{8DB69E51-C2C0-4E98-ABE0-B0B0C7AAA28F}"
EndProject
Project("{FAE04EC0-301F-11D3-BF4B-00C04F79EFBC}") = "BSW-ExchangeData", "BSW-ExchangeData\BSW-ExchangeData.csproj", "{A2B14E25-FD52-43A0-8B12-D3EF7E3A854A}"
EndProject
Project("{FAE04EC0-301F-11D3-BF4B-00C04F79EFBC}") = "BSW-ExchangeShared", "BSW-ExchangeShared\BSW-ExchangeShared.csproj", "{B54899D9-EDA1-427A-BD1C-B0D631AE69BE}"
EndProject
Project("{FAE04EC0-301F-11D3-BF4B-00C04F79EFBC}") = "BSW-ExchangeScripts", "BSW-ExchangeScripts\BSW-ExchangeScripts.csproj", "{ECEE5ADB-07D3-4F38-8EEA-C1BA644FEB21}"
EndProject
Project("{FAE04EC0-301F-11D3-BF4B-00C04F79EFBC}") = "BSWTestExchange", "BSWTestExchange\BSWTestExchange.csproj", "{46D904D4-347A-40B9-A10D-1065FD5A3DF3}"
EndProject
Project("{FAE04EC0-301F-11D3-BF4B-00C04F79EFBC}") = "PurchaseOrderImport", "PurchaseOrderImport\PurchaseOrderImport.csproj", "{1E8B6579-052B-4D66-BD75-92AAA5592148}"
EndProject
Project("{FAE04EC0-301F-11D3-BF4B-00C04F79EFBC}") = "PurchaseOrder.Data", "PurchaseOrder.Data\PurchaseOrder.Data.csproj", "{9CC676DD-8194-4DE2-AB1C-9AAF72D9BA79}"
EndProject
Project("{FAE04EC0-301F-11D3-BF4B-00C04F79EFBC}") = "AZROEImports", "AZROEImports\AZROEImports.csproj", "{0517B673-4FDB-4906-8EC2-7577B9759CA2}"
EndProject
Project("{FAE04EC0-301F-11D3-BF4B-00C04F79EFBC}") = "BMWCN2Extract", "BMWCN2Extract\BMWCN2Extract.csproj", "{7EDDF5FB-1EE1-4A94-93A7-B751C2B817B4}"
EndProject
Project("{2150E333-8FDC-42A3-9474-1A3956D46DE8}") = "Plugins", "Plugins", "{25AECAC7-14E2-4772-A09E-1CAF341CDE59}"
EndProject
Project("{2150E333-8FDC-42A3-9474-1A3956D46DE8}") = "AutoZOne", "AutoZOne", "{590DE527-AC5E-44EF-974F-A11D100A10CA}"
EndProject
Project("{2150E333-8FDC-42A3-9474-1A3956D46DE8}") = "BMW", "BMW", "{A26DCF29-8EA5-4C3C-93BF-4714D5984B56}"
EndProject
Project("{2150E333-8FDC-42A3-9474-1A3956D46DE8}") = "BSW Exchange", "BSW Exchange", "{A1E49AA0-D379-415D-916A-1A414EA5E2A2}"
EndProject
Project("{2150E333-8FDC-42A3-9474-1A3956D46DE8}") = "Hellmann", "Hellmann", "{3D5E12CB-F5C1-4660-8AF1-7F1BDA5E04E0}"
EndProject
Project("{2150E333-8FDC-42A3-9474-1A3956D46DE8}") = "SailingSchedule", "SailingSchedule", "{0E8DA6CE-FA2C-4BF8-B6AF-268CF9DFE2A1}"
EndProject
Project("{2150E333-8FDC-42A3-9474-1A3956D46DE8}") = "Mustek", "Mustek", "{90A53F87-822A-42ED-8E98-84E0825B2379}"
EndProject
Project("{2150E333-8FDC-42A3-9474-1A3956D46DE8}") = "PackList", "PackList", "{B96F23E1-6DF7-4C4C-BF52-EDCD54E4447D}"
EndProject
Project("{2150E333-8FDC-42A3-9474-1A3956D46DE8}") = "VVExchange", "VVExchange", "{F9AC8E0F-1BF1-44AE-9432-43648C0F7520}"
EndProject
Project("{FAE04EC0-301F-11D3-BF4B-00C04F79EFBC}") = "AZImportOrders", "AZImportOrders\AZImportOrders.csproj", "{53340708-FA61-4240-B048-5453BB73E063}"
EndProject
Project("{FAE04EC0-301F-11D3-BF4B-00C04F79EFBC}") = "TariffBook.Data", "TariffBook.Data\TariffBook.Data.csproj", "{C69DA4A5-2E15-4D11-946B-A0C69A90898B}"
EndProject
Project("{FAE04EC0-301F-11D3-BF4B-00C04F79EFBC}") = "TariffCodeCCLValidation", "TariffCodeCCLValidation\TariffCodeCCLValidation.csproj", "{74AC732F-41AB-4C08-A902-B0B0F9280E70}"
EndProject
Project("{FAE04EC0-301F-11D3-BF4B-00C04F79EFBC}") = "PackList.ExchangePlugin.XMLImport", "PackList.ExchangePlugin.XMLImport\PackList.ExchangePlugin.XMLImport\PackList.ExchangePlugin.XMLImport.csproj", "{7A6137B5-A698-43D8-BF9F-20A4EE2E91BB}"
EndProject
Project("{FAE04EC0-301F-11D3-BF4B-00C04F79EFBC}") = "PackList.ExchangePlugin.Transformation", "PackList.ExchangePlugin.Transformation\PackList.ExchangePlugin.Transformation\PackList.ExchangePlugin.Transformation.csproj", "{10D38733-E0FA-431D-B792-5617ADA769D5}"
EndProject
Project("{FAE04EC0-301F-11D3-BF4B-00C04F79EFBC}") = "SailingSchedule.ExchangePlugin.Transformation", "SailingSchedule.ExchangePlugin.Transformation\SailingSchedule.ExchangePlugin.Transformation\SailingSchedule.ExchangePlugin.Transformation.csproj", "{AB7732B5-043B-4A2F-9579-A728314FDF68}"
EndProject
Project("{FAE04EC0-301F-11D3-BF4B-00C04F79EFBC}") = "SailingSchedule.ExchangePlugin.XMLImport", "SailingSchedule.ExchangePlugin.XMLImport\SailingSchedule.ExchangePlugin.XMLImport\SailingSchedule.ExchangePlugin.XMLImport.csproj", "{ECFE7462-BD4A-4CB3-A847-A7F9EBD09F61}"
EndProject
Project("{FAE04EC0-301F-11D3-BF4B-00C04F79EFBC}") = "VVExchange.ExchangePlugin.XMLImport", "VVExchange.ExchangePlugin.XMLImport\VVExchange.ExchangePlugin.XMLImport\VVExchange.ExchangePlugin.XMLImport.csproj", "{B2A3576A-9BDB-4CEC-84AC-4619FBEE30A8}"
EndProject
Project("{FAE04EC0-301F-11D3-BF4B-00C04F79EFBC}") = "MustekOrderImportToXML", "Mustek\MustekOrderImportToXML\MustekOrderImportToXML.csproj", "{35DF322B-8E76-42C5-9D52-E42AD958849E}"
EndProject
Project("{FAE04EC0-301F-11D3-BF4B-00C04F79EFBC}") = "MustekPurchaseOrderImport", "Mustek\MustekPurchaseOrderImport\MustekPurchaseOrderImport.csproj", "{FD5C0CB4-4E2F-4B79-BC62-1FD15F20C660}"
EndProject
Project("{FAE04EC0-301F-11D3-BF4B-00C04F79EFBC}") = "OrderImportService", "Mustek\OrderImportService\OrderImportService.csproj", "{E9681ECD-6EEF-49F2-836A-7A82F840B34E}"
EndProject
Project("{FAE04EC0-301F-11D3-BF4B-00C04F79EFBC}") = "TestMustekImportService", "Mustek\TestMustekImportService\TestMustekImportService.csproj", "{59CE748D-364C-4615-B6AF-0FFDDB30DC3C}"
EndProject
Project("{FAE04EC0-301F-11D3-BF4B-00C04F79EFBC}") = "BSW-FTP", "BSW-FTP\BSW-FTP\BSW-FTP.csproj", "{40EE8AB2-97D7-42DC-A7D7-2CB8F51B1E62}"
EndProject
Project("{FAE04EC0-301F-11D3-BF4B-00C04F79EFBC}") = "BSWFTPClient", "BSW-FTP\BSWFTPClient\BSWFTPClient.csproj", "{411B7BB1-E469-4CF2-A249-1A832F477061}"
EndProject
Global
	GlobalSection(SolutionConfigurationPlatforms) = preSolution
		Debug|Any CPU = Debug|Any CPU
		Debug|Mixed Platforms = Debug|Mixed Platforms
		Debug|x86 = Debug|x86
		Release|Any CPU = Release|Any CPU
		Release|Mixed Platforms = Release|Mixed Platforms
		Release|x86 = Release|x86
	EndGlobalSection
	GlobalSection(ProjectConfigurationPlatforms) = postSolution
		{8DB69E51-C2C0-4E98-ABE0-B0B0C7AAA28F}.Debug|Any CPU.ActiveCfg = Debug|x86
		{8DB69E51-C2C0-4E98-ABE0-B0B0C7AAA28F}.Debug|Mixed Platforms.ActiveCfg = Debug|x86
		{8DB69E51-C2C0-4E98-ABE0-B0B0C7AAA28F}.Debug|Mixed Platforms.Build.0 = Debug|x86
		{8DB69E51-C2C0-4E98-ABE0-B0B0C7AAA28F}.Debug|x86.ActiveCfg = Debug|x86
		{8DB69E51-C2C0-4E98-ABE0-B0B0C7AAA28F}.Debug|x86.Build.0 = Debug|x86
		{8DB69E51-C2C0-4E98-ABE0-B0B0C7AAA28F}.Release|Any CPU.ActiveCfg = Release|x86
		{8DB69E51-C2C0-4E98-ABE0-B0B0C7AAA28F}.Release|Mixed Platforms.ActiveCfg = Release|x86
		{8DB69E51-C2C0-4E98-ABE0-B0B0C7AAA28F}.Release|Mixed Platforms.Build.0 = Release|x86
		{8DB69E51-C2C0-4E98-ABE0-B0B0C7AAA28F}.Release|x86.ActiveCfg = Release|x86
		{8DB69E51-C2C0-4E98-ABE0-B0B0C7AAA28F}.Release|x86.Build.0 = Release|x86
		{A2B14E25-FD52-43A0-8B12-D3EF7E3A854A}.Debug|Any CPU.ActiveCfg = Debug|Any CPU
		{A2B14E25-FD52-43A0-8B12-D3EF7E3A854A}.Debug|Any CPU.Build.0 = Debug|Any CPU
		{A2B14E25-FD52-43A0-8B12-D3EF7E3A854A}.Debug|Mixed Platforms.ActiveCfg = Debug|Any CPU
		{A2B14E25-FD52-43A0-8B12-D3EF7E3A854A}.Debug|Mixed Platforms.Build.0 = Debug|Any CPU
		{A2B14E25-FD52-43A0-8B12-D3EF7E3A854A}.Debug|x86.ActiveCfg = Debug|Any CPU
		{A2B14E25-FD52-43A0-8B12-D3EF7E3A854A}.Release|Any CPU.ActiveCfg = Release|Any CPU
		{A2B14E25-FD52-43A0-8B12-D3EF7E3A854A}.Release|Any CPU.Build.0 = Release|Any CPU
		{A2B14E25-FD52-43A0-8B12-D3EF7E3A854A}.Release|Mixed Platforms.ActiveCfg = Release|Any CPU
		{A2B14E25-FD52-43A0-8B12-D3EF7E3A854A}.Release|Mixed Platforms.Build.0 = Release|Any CPU
		{A2B14E25-FD52-43A0-8B12-D3EF7E3A854A}.Release|x86.ActiveCfg = Release|Any CPU
		{B54899D9-EDA1-427A-BD1C-B0D631AE69BE}.Debug|Any CPU.ActiveCfg = Debug|Any CPU
		{B54899D9-EDA1-427A-BD1C-B0D631AE69BE}.Debug|Any CPU.Build.0 = Debug|Any CPU
		{B54899D9-EDA1-427A-BD1C-B0D631AE69BE}.Debug|Mixed Platforms.ActiveCfg = Debug|Any CPU
		{B54899D9-EDA1-427A-BD1C-B0D631AE69BE}.Debug|Mixed Platforms.Build.0 = Debug|Any CPU
		{B54899D9-EDA1-427A-BD1C-B0D631AE69BE}.Debug|x86.ActiveCfg = Debug|Any CPU
		{B54899D9-EDA1-427A-BD1C-B0D631AE69BE}.Release|Any CPU.ActiveCfg = Release|Any CPU
		{B54899D9-EDA1-427A-BD1C-B0D631AE69BE}.Release|Any CPU.Build.0 = Release|Any CPU
		{B54899D9-EDA1-427A-BD1C-B0D631AE69BE}.Release|Mixed Platforms.ActiveCfg = Release|Any CPU
		{B54899D9-EDA1-427A-BD1C-B0D631AE69BE}.Release|Mixed Platforms.Build.0 = Release|Any CPU
		{B54899D9-EDA1-427A-BD1C-B0D631AE69BE}.Release|x86.ActiveCfg = Release|Any CPU
		{ECEE5ADB-07D3-4F38-8EEA-C1BA644FEB21}.Debug|Any CPU.ActiveCfg = Debug|Any CPU
		{ECEE5ADB-07D3-4F38-8EEA-C1BA644FEB21}.Debug|Any CPU.Build.0 = Debug|Any CPU
		{ECEE5ADB-07D3-4F38-8EEA-C1BA644FEB21}.Debug|Mixed Platforms.ActiveCfg = Debug|Any CPU
		{ECEE5ADB-07D3-4F38-8EEA-C1BA644FEB21}.Debug|Mixed Platforms.Build.0 = Debug|Any CPU
		{ECEE5ADB-07D3-4F38-8EEA-C1BA644FEB21}.Debug|x86.ActiveCfg = Debug|Any CPU
		{ECEE5ADB-07D3-4F38-8EEA-C1BA644FEB21}.Release|Any CPU.ActiveCfg = Release|Any CPU
		{ECEE5ADB-07D3-4F38-8EEA-C1BA644FEB21}.Release|Any CPU.Build.0 = Release|Any CPU
		{ECEE5ADB-07D3-4F38-8EEA-C1BA644FEB21}.Release|Mixed Platforms.ActiveCfg = Release|Any CPU
		{ECEE5ADB-07D3-4F38-8EEA-C1BA644FEB21}.Release|Mixed Platforms.Build.0 = Release|Any CPU
		{ECEE5ADB-07D3-4F38-8EEA-C1BA644FEB21}.Release|x86.ActiveCfg = Release|Any CPU
		{46D904D4-347A-40B9-A10D-1065FD5A3DF3}.Debug|Any CPU.ActiveCfg = Debug|x86
		{46D904D4-347A-40B9-A10D-1065FD5A3DF3}.Debug|Mixed Platforms.ActiveCfg = Debug|x86
		{46D904D4-347A-40B9-A10D-1065FD5A3DF3}.Debug|Mixed Platforms.Build.0 = Debug|x86
		{46D904D4-347A-40B9-A10D-1065FD5A3DF3}.Debug|x86.ActiveCfg = Debug|x86
		{46D904D4-347A-40B9-A10D-1065FD5A3DF3}.Debug|x86.Build.0 = Debug|x86
		{46D904D4-347A-40B9-A10D-1065FD5A3DF3}.Release|Any CPU.ActiveCfg = Release|x86
		{46D904D4-347A-40B9-A10D-1065FD5A3DF3}.Release|Mixed Platforms.ActiveCfg = Release|x86
		{46D904D4-347A-40B9-A10D-1065FD5A3DF3}.Release|Mixed Platforms.Build.0 = Release|x86
		{46D904D4-347A-40B9-A10D-1065FD5A3DF3}.Release|x86.ActiveCfg = Release|x86
		{46D904D4-347A-40B9-A10D-1065FD5A3DF3}.Release|x86.Build.0 = Release|x86
		{1E8B6579-052B-4D66-BD75-92AAA5592148}.Debug|Any CPU.ActiveCfg = Debug|x86
		{1E8B6579-052B-4D66-BD75-92AAA5592148}.Debug|Mixed Platforms.ActiveCfg = Debug|x86
		{1E8B6579-052B-4D66-BD75-92AAA5592148}.Debug|Mixed Platforms.Build.0 = Debug|x86
		{1E8B6579-052B-4D66-BD75-92AAA5592148}.Debug|x86.ActiveCfg = Debug|x86
		{1E8B6579-052B-4D66-BD75-92AAA5592148}.Debug|x86.Build.0 = Debug|x86
		{1E8B6579-052B-4D66-BD75-92AAA5592148}.Release|Any CPU.ActiveCfg = Release|x86
		{1E8B6579-052B-4D66-BD75-92AAA5592148}.Release|Mixed Platforms.ActiveCfg = Release|x86
		{1E8B6579-052B-4D66-BD75-92AAA5592148}.Release|Mixed Platforms.Build.0 = Release|x86
		{1E8B6579-052B-4D66-BD75-92AAA5592148}.Release|x86.ActiveCfg = Release|x86
		{1E8B6579-052B-4D66-BD75-92AAA5592148}.Release|x86.Build.0 = Release|x86
		{9CC676DD-8194-4DE2-AB1C-9AAF72D9BA79}.Debug|Any CPU.ActiveCfg = Debug|Any CPU
		{9CC676DD-8194-4DE2-AB1C-9AAF72D9BA79}.Debug|Any CPU.Build.0 = Debug|Any CPU
		{9CC676DD-8194-4DE2-AB1C-9AAF72D9BA79}.Debug|Mixed Platforms.ActiveCfg = Debug|Any CPU
		{9CC676DD-8194-4DE2-AB1C-9AAF72D9BA79}.Debug|Mixed Platforms.Build.0 = Debug|Any CPU
		{9CC676DD-8194-4DE2-AB1C-9AAF72D9BA79}.Debug|x86.ActiveCfg = Debug|Any CPU
		{9CC676DD-8194-4DE2-AB1C-9AAF72D9BA79}.Release|Any CPU.ActiveCfg = Release|Any CPU
		{9CC676DD-8194-4DE2-AB1C-9AAF72D9BA79}.Release|Any CPU.Build.0 = Release|Any CPU
		{9CC676DD-8194-4DE2-AB1C-9AAF72D9BA79}.Release|Mixed Platforms.ActiveCfg = Release|Any CPU
		{9CC676DD-8194-4DE2-AB1C-9AAF72D9BA79}.Release|Mixed Platforms.Build.0 = Release|Any CPU
		{9CC676DD-8194-4DE2-AB1C-9AAF72D9BA79}.Release|x86.ActiveCfg = Release|Any CPU
		{0517B673-4FDB-4906-8EC2-7577B9759CA2}.Debug|Any CPU.ActiveCfg = Debug|x86
		{0517B673-4FDB-4906-8EC2-7577B9759CA2}.Debug|Mixed Platforms.ActiveCfg = Debug|x86
		{0517B673-4FDB-4906-8EC2-7577B9759CA2}.Debug|Mixed Platforms.Build.0 = Debug|x86
		{0517B673-4FDB-4906-8EC2-7577B9759CA2}.Debug|x86.ActiveCfg = Debug|x86
		{0517B673-4FDB-4906-8EC2-7577B9759CA2}.Debug|x86.Build.0 = Debug|x86
		{0517B673-4FDB-4906-8EC2-7577B9759CA2}.Release|Any CPU.ActiveCfg = Release|x86
		{0517B673-4FDB-4906-8EC2-7577B9759CA2}.Release|Mixed Platforms.ActiveCfg = Release|x86
		{0517B673-4FDB-4906-8EC2-7577B9759CA2}.Release|Mixed Platforms.Build.0 = Release|x86
		{0517B673-4FDB-4906-8EC2-7577B9759CA2}.Release|x86.ActiveCfg = Release|x86
		{0517B673-4FDB-4906-8EC2-7577B9759CA2}.Release|x86.Build.0 = Release|x86
		{7EDDF5FB-1EE1-4A94-93A7-B751C2B817B4}.Debug|Any CPU.ActiveCfg = Debug|x86
		{7EDDF5FB-1EE1-4A94-93A7-B751C2B817B4}.Debug|Mixed Platforms.ActiveCfg = Debug|x86
		{7EDDF5FB-1EE1-4A94-93A7-B751C2B817B4}.Debug|Mixed Platforms.Build.0 = Debug|x86
		{7EDDF5FB-1EE1-4A94-93A7-B751C2B817B4}.Debug|x86.ActiveCfg = Debug|x86
		{7EDDF5FB-1EE1-4A94-93A7-B751C2B817B4}.Debug|x86.Build.0 = Debug|x86
		{7EDDF5FB-1EE1-4A94-93A7-B751C2B817B4}.Release|Any CPU.ActiveCfg = Release|x86
		{7EDDF5FB-1EE1-4A94-93A7-B751C2B817B4}.Release|Mixed Platforms.ActiveCfg = Release|x86
		{7EDDF5FB-1EE1-4A94-93A7-B751C2B817B4}.Release|Mixed Platforms.Build.0 = Release|x86
		{7EDDF5FB-1EE1-4A94-93A7-B751C2B817B4}.Release|x86.ActiveCfg = Release|x86
		{7EDDF5FB-1EE1-4A94-93A7-B751C2B817B4}.Release|x86.Build.0 = Release|x86
		{53340708-FA61-4240-B048-5453BB73E063}.Debug|Any CPU.ActiveCfg = Debug|x86
		{53340708-FA61-4240-B048-5453BB73E063}.Debug|Mixed Platforms.ActiveCfg = Debug|x86
		{53340708-FA61-4240-B048-5453BB73E063}.Debug|Mixed Platforms.Build.0 = Debug|x86
		{53340708-FA61-4240-B048-5453BB73E063}.Debug|x86.ActiveCfg = Debug|x86
		{53340708-FA61-4240-B048-5453BB73E063}.Debug|x86.Build.0 = Debug|x86
		{53340708-FA61-4240-B048-5453BB73E063}.Release|Any CPU.ActiveCfg = Release|x86
		{53340708-FA61-4240-B048-5453BB73E063}.Release|Mixed Platforms.ActiveCfg = Release|x86
		{53340708-FA61-4240-B048-5453BB73E063}.Release|Mixed Platforms.Build.0 = Release|x86
		{53340708-FA61-4240-B048-5453BB73E063}.Release|x86.ActiveCfg = Release|x86
		{53340708-FA61-4240-B048-5453BB73E063}.Release|x86.Build.0 = Release|x86
		{C69DA4A5-2E15-4D11-946B-A0C69A90898B}.Debug|Any CPU.ActiveCfg = Debug|Any CPU
		{C69DA4A5-2E15-4D11-946B-A0C69A90898B}.Debug|Any CPU.Build.0 = Debug|Any CPU
		{C69DA4A5-2E15-4D11-946B-A0C69A90898B}.Debug|Mixed Platforms.ActiveCfg = Debug|Any CPU
		{C69DA4A5-2E15-4D11-946B-A0C69A90898B}.Debug|Mixed Platforms.Build.0 = Debug|Any CPU
		{C69DA4A5-2E15-4D11-946B-A0C69A90898B}.Debug|x86.ActiveCfg = Debug|Any CPU
		{C69DA4A5-2E15-4D11-946B-A0C69A90898B}.Debug|x86.Build.0 = Debug|Any CPU
		{C69DA4A5-2E15-4D11-946B-A0C69A90898B}.Release|Any CPU.ActiveCfg = Release|Any CPU
		{C69DA4A5-2E15-4D11-946B-A0C69A90898B}.Release|Any CPU.Build.0 = Release|Any CPU
		{C69DA4A5-2E15-4D11-946B-A0C69A90898B}.Release|Mixed Platforms.ActiveCfg = Release|Any CPU
		{C69DA4A5-2E15-4D11-946B-A0C69A90898B}.Release|Mixed Platforms.Build.0 = Release|Any CPU
		{C69DA4A5-2E15-4D11-946B-A0C69A90898B}.Release|x86.ActiveCfg = Release|Any CPU
		{C69DA4A5-2E15-4D11-946B-A0C69A90898B}.Release|x86.Build.0 = Release|Any CPU
		{74AC732F-41AB-4C08-A902-B0B0F9280E70}.Debug|Any CPU.ActiveCfg = Debug|x86
		{74AC732F-41AB-4C08-A902-B0B0F9280E70}.Debug|Mixed Platforms.ActiveCfg = Debug|x86
		{74AC732F-41AB-4C08-A902-B0B0F9280E70}.Debug|Mixed Platforms.Build.0 = Debug|x86
		{74AC732F-41AB-4C08-A902-B0B0F9280E70}.Debug|x86.ActiveCfg = Debug|x86
		{74AC732F-41AB-4C08-A902-B0B0F9280E70}.Debug|x86.Build.0 = Debug|x86
		{74AC732F-41AB-4C08-A902-B0B0F9280E70}.Release|Any CPU.ActiveCfg = Release|x86
		{74AC732F-41AB-4C08-A902-B0B0F9280E70}.Release|Mixed Platforms.ActiveCfg = Release|x86
		{74AC732F-41AB-4C08-A902-B0B0F9280E70}.Release|Mixed Platforms.Build.0 = Release|x86
		{74AC732F-41AB-4C08-A902-B0B0F9280E70}.Release|x86.ActiveCfg = Release|x86
		{74AC732F-41AB-4C08-A902-B0B0F9280E70}.Release|x86.Build.0 = Release|x86
		{7A6137B5-A698-43D8-BF9F-20A4EE2E91BB}.Debug|Any CPU.ActiveCfg = Debug|x86
		{7A6137B5-A698-43D8-BF9F-20A4EE2E91BB}.Debug|Mixed Platforms.ActiveCfg = Debug|x86
		{7A6137B5-A698-43D8-BF9F-20A4EE2E91BB}.Debug|Mixed Platforms.Build.0 = Debug|x86
		{7A6137B5-A698-43D8-BF9F-20A4EE2E91BB}.Debug|x86.ActiveCfg = Debug|x86
		{7A6137B5-A698-43D8-BF9F-20A4EE2E91BB}.Debug|x86.Build.0 = Debug|x86
		{7A6137B5-A698-43D8-BF9F-20A4EE2E91BB}.Release|Any CPU.ActiveCfg = Release|x86
		{7A6137B5-A698-43D8-BF9F-20A4EE2E91BB}.Release|Mixed Platforms.ActiveCfg = Release|x86
		{7A6137B5-A698-43D8-BF9F-20A4EE2E91BB}.Release|Mixed Platforms.Build.0 = Release|x86
		{7A6137B5-A698-43D8-BF9F-20A4EE2E91BB}.Release|x86.ActiveCfg = Release|x86
		{7A6137B5-A698-43D8-BF9F-20A4EE2E91BB}.Release|x86.Build.0 = Release|x86
		{10D38733-E0FA-431D-B792-5617ADA769D5}.Debug|Any CPU.ActiveCfg = Debug|x86
		{10D38733-E0FA-431D-B792-5617ADA769D5}.Debug|Mixed Platforms.ActiveCfg = Debug|x86
		{10D38733-E0FA-431D-B792-5617ADA769D5}.Debug|Mixed Platforms.Build.0 = Debug|x86
		{10D38733-E0FA-431D-B792-5617ADA769D5}.Debug|x86.ActiveCfg = Debug|x86
		{10D38733-E0FA-431D-B792-5617ADA769D5}.Debug|x86.Build.0 = Debug|x86
		{10D38733-E0FA-431D-B792-5617ADA769D5}.Release|Any CPU.ActiveCfg = Release|x86
		{10D38733-E0FA-431D-B792-5617ADA769D5}.Release|Mixed Platforms.ActiveCfg = Release|x86
		{10D38733-E0FA-431D-B792-5617ADA769D5}.Release|Mixed Platforms.Build.0 = Release|x86
		{10D38733-E0FA-431D-B792-5617ADA769D5}.Release|x86.ActiveCfg = Release|x86
		{10D38733-E0FA-431D-B792-5617ADA769D5}.Release|x86.Build.0 = Release|x86
		{AB7732B5-043B-4A2F-9579-A728314FDF68}.Debug|Any CPU.ActiveCfg = Debug|x86
		{AB7732B5-043B-4A2F-9579-A728314FDF68}.Debug|Mixed Platforms.ActiveCfg = Debug|x86
		{AB7732B5-043B-4A2F-9579-A728314FDF68}.Debug|Mixed Platforms.Build.0 = Debug|x86
		{AB7732B5-043B-4A2F-9579-A728314FDF68}.Debug|x86.ActiveCfg = Debug|x86
		{AB7732B5-043B-4A2F-9579-A728314FDF68}.Debug|x86.Build.0 = Debug|x86
		{AB7732B5-043B-4A2F-9579-A728314FDF68}.Release|Any CPU.ActiveCfg = Release|x86
		{AB7732B5-043B-4A2F-9579-A728314FDF68}.Release|Mixed Platforms.ActiveCfg = Release|x86
		{AB7732B5-043B-4A2F-9579-A728314FDF68}.Release|Mixed Platforms.Build.0 = Release|x86
		{AB7732B5-043B-4A2F-9579-A728314FDF68}.Release|x86.ActiveCfg = Release|x86
		{AB7732B5-043B-4A2F-9579-A728314FDF68}.Release|x86.Build.0 = Release|x86
		{ECFE7462-BD4A-4CB3-A847-A7F9EBD09F61}.Debug|Any CPU.ActiveCfg = Debug|x86
		{ECFE7462-BD4A-4CB3-A847-A7F9EBD09F61}.Debug|Mixed Platforms.ActiveCfg = Debug|x86
		{ECFE7462-BD4A-4CB3-A847-A7F9EBD09F61}.Debug|Mixed Platforms.Build.0 = Debug|x86
		{ECFE7462-BD4A-4CB3-A847-A7F9EBD09F61}.Debug|x86.ActiveCfg = Debug|x86
		{ECFE7462-BD4A-4CB3-A847-A7F9EBD09F61}.Debug|x86.Build.0 = Debug|x86
		{ECFE7462-BD4A-4CB3-A847-A7F9EBD09F61}.Release|Any CPU.ActiveCfg = Release|x86
		{ECFE7462-BD4A-4CB3-A847-A7F9EBD09F61}.Release|Mixed Platforms.ActiveCfg = Release|x86
		{ECFE7462-BD4A-4CB3-A847-A7F9EBD09F61}.Release|Mixed Platforms.Build.0 = Release|x86
		{ECFE7462-BD4A-4CB3-A847-A7F9EBD09F61}.Release|x86.ActiveCfg = Release|x86
		{ECFE7462-BD4A-4CB3-A847-A7F9EBD09F61}.Release|x86.Build.0 = Release|x86
		{B2A3576A-9BDB-4CEC-84AC-4619FBEE30A8}.Debug|Any CPU.ActiveCfg = Debug|x86
		{B2A3576A-9BDB-4CEC-84AC-4619FBEE30A8}.Debug|Mixed Platforms.ActiveCfg = Debug|x86
		{B2A3576A-9BDB-4CEC-84AC-4619FBEE30A8}.Debug|Mixed Platforms.Build.0 = Debug|x86
		{B2A3576A-9BDB-4CEC-84AC-4619FBEE30A8}.Debug|x86.ActiveCfg = Debug|x86
		{B2A3576A-9BDB-4CEC-84AC-4619FBEE30A8}.Debug|x86.Build.0 = Debug|x86
		{B2A3576A-9BDB-4CEC-84AC-4619FBEE30A8}.Release|Any CPU.ActiveCfg = Release|x86
		{B2A3576A-9BDB-4CEC-84AC-4619FBEE30A8}.Release|Mixed Platforms.ActiveCfg = Release|x86
		{B2A3576A-9BDB-4CEC-84AC-4619FBEE30A8}.Release|Mixed Platforms.Build.0 = Release|x86
		{B2A3576A-9BDB-4CEC-84AC-4619FBEE30A8}.Release|x86.ActiveCfg = Release|x86
		{B2A3576A-9BDB-4CEC-84AC-4619FBEE30A8}.Release|x86.Build.0 = Release|x86
		{35DF322B-8E76-42C5-9D52-E42AD958849E}.Debug|Any CPU.ActiveCfg = Debug|x86
		{35DF322B-8E76-42C5-9D52-E42AD958849E}.Debug|Mixed Platforms.ActiveCfg = Debug|x86
		{35DF322B-8E76-42C5-9D52-E42AD958849E}.Debug|Mixed Platforms.Build.0 = Debug|x86
		{35DF322B-8E76-42C5-9D52-E42AD958849E}.Debug|x86.ActiveCfg = Debug|x86
		{35DF322B-8E76-42C5-9D52-E42AD958849E}.Debug|x86.Build.0 = Debug|x86
		{35DF322B-8E76-42C5-9D52-E42AD958849E}.Release|Any CPU.ActiveCfg = Release|x86
		{35DF322B-8E76-42C5-9D52-E42AD958849E}.Release|Mixed Platforms.ActiveCfg = Release|x86
		{35DF322B-8E76-42C5-9D52-E42AD958849E}.Release|Mixed Platforms.Build.0 = Release|x86
		{35DF322B-8E76-42C5-9D52-E42AD958849E}.Release|x86.ActiveCfg = Release|x86
		{35DF322B-8E76-42C5-9D52-E42AD958849E}.Release|x86.Build.0 = Release|x86
		{FD5C0CB4-4E2F-4B79-BC62-1FD15F20C660}.Debug|Any CPU.ActiveCfg = Debug|Any CPU
		{FD5C0CB4-4E2F-4B79-BC62-1FD15F20C660}.Debug|Any CPU.Build.0 = Debug|Any CPU
		{FD5C0CB4-4E2F-4B79-BC62-1FD15F20C660}.Debug|Mixed Platforms.ActiveCfg = Debug|Any CPU
		{FD5C0CB4-4E2F-4B79-BC62-1FD15F20C660}.Debug|Mixed Platforms.Build.0 = Debug|Any CPU
		{FD5C0CB4-4E2F-4B79-BC62-1FD15F20C660}.Debug|x86.ActiveCfg = Debug|Any CPU
		{FD5C0CB4-4E2F-4B79-BC62-1FD15F20C660}.Debug|x86.Build.0 = Debug|Any CPU
		{FD5C0CB4-4E2F-4B79-BC62-1FD15F20C660}.Release|Any CPU.ActiveCfg = Release|Any CPU
		{FD5C0CB4-4E2F-4B79-BC62-1FD15F20C660}.Release|Any CPU.Build.0 = Release|Any CPU
		{FD5C0CB4-4E2F-4B79-BC62-1FD15F20C660}.Release|Mixed Platforms.ActiveCfg = Release|Any CPU
		{FD5C0CB4-4E2F-4B79-BC62-1FD15F20C660}.Release|Mixed Platforms.Build.0 = Release|Any CPU
		{FD5C0CB4-4E2F-4B79-BC62-1FD15F20C660}.Release|x86.ActiveCfg = Release|Any CPU
		{FD5C0CB4-4E2F-4B79-BC62-1FD15F20C660}.Release|x86.Build.0 = Release|Any CPU
		{E9681ECD-6EEF-49F2-836A-7A82F840B34E}.Debug|Any CPU.ActiveCfg = Debug|Any CPU
		{E9681ECD-6EEF-49F2-836A-7A82F840B34E}.Debug|Any CPU.Build.0 = Debug|Any CPU
		{E9681ECD-6EEF-49F2-836A-7A82F840B34E}.Debug|Mixed Platforms.ActiveCfg = Debug|Any CPU
		{E9681ECD-6EEF-49F2-836A-7A82F840B34E}.Debug|Mixed Platforms.Build.0 = Debug|Any CPU
		{E9681ECD-6EEF-49F2-836A-7A82F840B34E}.Debug|x86.ActiveCfg = Debug|Any CPU
		{E9681ECD-6EEF-49F2-836A-7A82F840B34E}.Debug|x86.Build.0 = Debug|Any CPU
		{E9681ECD-6EEF-49F2-836A-7A82F840B34E}.Release|Any CPU.ActiveCfg = Release|Any CPU
		{E9681ECD-6EEF-49F2-836A-7A82F840B34E}.Release|Any CPU.Build.0 = Release|Any CPU
		{E9681ECD-6EEF-49F2-836A-7A82F840B34E}.Release|Mixed Platforms.ActiveCfg = Release|Any CPU
		{E9681ECD-6EEF-49F2-836A-7A82F840B34E}.Release|Mixed Platforms.Build.0 = Release|Any CPU
		{E9681ECD-6EEF-49F2-836A-7A82F840B34E}.Release|x86.ActiveCfg = Release|Any CPU
		{E9681ECD-6EEF-49F2-836A-7A82F840B34E}.Release|x86.Build.0 = Release|Any CPU
		{59CE748D-364C-4615-B6AF-0FFDDB30DC3C}.Debug|Any CPU.ActiveCfg = Debug|Any CPU
		{59CE748D-364C-4615-B6AF-0FFDDB30DC3C}.Debug|Any CPU.Build.0 = Debug|Any CPU
		{59CE748D-364C-4615-B6AF-0FFDDB30DC3C}.Debug|Mixed Platforms.ActiveCfg = Debug|Any CPU
		{59CE748D-364C-4615-B6AF-0FFDDB30DC3C}.Debug|Mixed Platforms.Build.0 = Debug|Any CPU
		{59CE748D-364C-4615-B6AF-0FFDDB30DC3C}.Debug|x86.ActiveCfg = Debug|Any CPU
		{59CE748D-364C-4615-B6AF-0FFDDB30DC3C}.Debug|x86.Build.0 = Debug|Any CPU
		{59CE748D-364C-4615-B6AF-0FFDDB30DC3C}.Release|Any CPU.ActiveCfg = Release|Any CPU
		{59CE748D-364C-4615-B6AF-0FFDDB30DC3C}.Release|Any CPU.Build.0 = Release|Any CPU
		{59CE748D-364C-4615-B6AF-0FFDDB30DC3C}.Release|Mixed Platforms.ActiveCfg = Release|Any CPU
		{59CE748D-364C-4615-B6AF-0FFDDB30DC3C}.Release|Mixed Platforms.Build.0 = Release|Any CPU
		{59CE748D-364C-4615-B6AF-0FFDDB30DC3C}.Release|x86.ActiveCfg = Release|Any CPU
		{59CE748D-364C-4615-B6AF-0FFDDB30DC3C}.Release|x86.Build.0 = Release|Any CPU
		{40EE8AB2-97D7-42DC-A7D7-2CB8F51B1E62}.Debug|Any CPU.ActiveCfg = Debug|x86
		{40EE8AB2-97D7-42DC-A7D7-2CB8F51B1E62}.Debug|Mixed Platforms.ActiveCfg = Debug|x86
		{40EE8AB2-97D7-42DC-A7D7-2CB8F51B1E62}.Debug|Mixed Platforms.Build.0 = Debug|x86
		{40EE8AB2-97D7-42DC-A7D7-2CB8F51B1E62}.Debug|x86.ActiveCfg = Debug|x86
		{40EE8AB2-97D7-42DC-A7D7-2CB8F51B1E62}.Debug|x86.Build.0 = Debug|x86
		{40EE8AB2-97D7-42DC-A7D7-2CB8F51B1E62}.Release|Any CPU.ActiveCfg = Release|x86
		{40EE8AB2-97D7-42DC-A7D7-2CB8F51B1E62}.Release|Mixed Platforms.ActiveCfg = Release|x86
		{40EE8AB2-97D7-42DC-A7D7-2CB8F51B1E62}.Release|Mixed Platforms.Build.0 = Release|x86
		{40EE8AB2-97D7-42DC-A7D7-2CB8F51B1E62}.Release|x86.ActiveCfg = Release|x86
		{40EE8AB2-97D7-42DC-A7D7-2CB8F51B1E62}.Release|x86.Build.0 = Release|x86
		{411B7BB1-E469-4CF2-A249-1A832F477061}.Debug|Any CPU.ActiveCfg = Debug|Any CPU
		{411B7BB1-E469-4CF2-A249-1A832F477061}.Debug|Any CPU.Build.0 = Debug|Any CPU
		{411B7BB1-E469-4CF2-A249-1A832F477061}.Debug|Mixed Platforms.ActiveCfg = Debug|Any CPU
		{411B7BB1-E469-4CF2-A249-1A832F477061}.Debug|Mixed Platforms.Build.0 = Debug|Any CPU
		{411B7BB1-E469-4CF2-A249-1A832F477061}.Debug|x86.ActiveCfg = Debug|Any CPU
		{411B7BB1-E469-4CF2-A249-1A832F477061}.Debug|x86.Build.0 = Debug|Any CPU
		{411B7BB1-E469-4CF2-A249-1A832F477061}.Release|Any CPU.ActiveCfg = Release|Any CPU
		{411B7BB1-E469-4CF2-A249-1A832F477061}.Release|Any CPU.Build.0 = Release|Any CPU
		{411B7BB1-E469-4CF2-A249-1A832F477061}.Release|Mixed Platforms.ActiveCfg = Release|Any CPU
		{411B7BB1-E469-4CF2-A249-1A832F477061}.Release|Mixed Platforms.Build.0 = Release|Any CPU
		{411B7BB1-E469-4CF2-A249-1A832F477061}.Release|x86.ActiveCfg = Release|Any CPU
		{411B7BB1-E469-4CF2-A249-1A832F477061}.Release|x86.Build.0 = Release|Any CPU
	EndGlobalSection
	GlobalSection(SolutionProperties) = preSolution
		HideSolutionNode = FALSE
	EndGlobalSection
	GlobalSection(NestedProjects) = preSolution
		{8DB69E51-C2C0-4E98-ABE0-B0B0C7AAA28F} = {A1E49AA0-D379-415D-916A-1A414EA5E2A2}
		{A2B14E25-FD52-43A0-8B12-D3EF7E3A854A} = {A1E49AA0-D379-415D-916A-1A414EA5E2A2}
		{B54899D9-EDA1-427A-BD1C-B0D631AE69BE} = {A1E49AA0-D379-415D-916A-1A414EA5E2A2}
		{ECEE5ADB-07D3-4F38-8EEA-C1BA644FEB21} = {A1E49AA0-D379-415D-916A-1A414EA5E2A2}
		{46D904D4-347A-40B9-A10D-1065FD5A3DF3} = {A1E49AA0-D379-415D-916A-1A414EA5E2A2}
		{1E8B6579-052B-4D66-BD75-92AAA5592148} = {590DE527-AC5E-44EF-974F-A11D100A10CA}
		{9CC676DD-8194-4DE2-AB1C-9AAF72D9BA79} = {590DE527-AC5E-44EF-974F-A11D100A10CA}
		{0517B673-4FDB-4906-8EC2-7577B9759CA2} = {590DE527-AC5E-44EF-974F-A11D100A10CA}
		{7EDDF5FB-1EE1-4A94-93A7-B751C2B817B4} = {A26DCF29-8EA5-4C3C-93BF-4714D5984B56}
		{590DE527-AC5E-44EF-974F-A11D100A10CA} = {25AECAC7-14E2-4772-A09E-1CAF341CDE59}
		{A26DCF29-8EA5-4C3C-93BF-4714D5984B56} = {25AECAC7-14E2-4772-A09E-1CAF341CDE59}
		{3D5E12CB-F5C1-4660-8AF1-7F1BDA5E04E0} = {25AECAC7-14E2-4772-A09E-1CAF341CDE59}
		{0E8DA6CE-FA2C-4BF8-B6AF-268CF9DFE2A1} = {3D5E12CB-F5C1-4660-8AF1-7F1BDA5E04E0}
		{90A53F87-822A-42ED-8E98-84E0825B2379} = {25AECAC7-14E2-4772-A09E-1CAF341CDE59}
		{B96F23E1-6DF7-4C4C-BF52-EDCD54E4447D} = {3D5E12CB-F5C1-4660-8AF1-7F1BDA5E04E0}
		{F9AC8E0F-1BF1-44AE-9432-43648C0F7520} = {3D5E12CB-F5C1-4660-8AF1-7F1BDA5E04E0}
		{53340708-FA61-4240-B048-5453BB73E063} = {590DE527-AC5E-44EF-974F-A11D100A10CA}
		{C69DA4A5-2E15-4D11-946B-A0C69A90898B} = {590DE527-AC5E-44EF-974F-A11D100A10CA}
		{74AC732F-41AB-4C08-A902-B0B0F9280E70} = {590DE527-AC5E-44EF-974F-A11D100A10CA}
		{7A6137B5-A698-43D8-BF9F-20A4EE2E91BB} = {B96F23E1-6DF7-4C4C-BF52-EDCD54E4447D}
		{10D38733-E0FA-431D-B792-5617ADA769D5} = {B96F23E1-6DF7-4C4C-BF52-EDCD54E4447D}
		{AB7732B5-043B-4A2F-9579-A728314FDF68} = {0E8DA6CE-FA2C-4BF8-B6AF-268CF9DFE2A1}
		{ECFE7462-BD4A-4CB3-A847-A7F9EBD09F61} = {0E8DA6CE-FA2C-4BF8-B6AF-268CF9DFE2A1}
		{B2A3576A-9BDB-4CEC-84AC-4619FBEE30A8} = {F9AC8E0F-1BF1-44AE-9432-43648C0F7520}
		{35DF322B-8E76-42C5-9D52-E42AD958849E} = {90A53F87-822A-42ED-8E98-84E0825B2379}
		{FD5C0CB4-4E2F-4B79-BC62-1FD15F20C660} = {90A53F87-822A-42ED-8E98-84E0825B2379}
		{E9681ECD-6EEF-49F2-836A-7A82F840B34E} = {90A53F87-822A-42ED-8E98-84E0825B2379}
		{59CE748D-364C-4615-B6AF-0FFDDB30DC3C} = {90A53F87-822A-42ED-8E98-84E0825B2379}
		{40EE8AB2-97D7-42DC-A7D7-2CB8F51B1E62} = {A1E49AA0-D379-415D-916A-1A414EA5E2A2}
		{411B7BB1-E469-4CF2-A249-1A832F477061} = {A1E49AA0-D379-415D-916A-1A414EA5E2A2}
	EndGlobalSection
	GlobalSection(ExtensibilityGlobals) = postSolution
		SolutionGuid = {5A47C82F-5835-41D1-ABA1-A980DAC72878}
	EndGlobalSection
EndGlobal
